
Microsoft Visual Studio Solution File, Format Version 12.00
# Visual Studio Version 17
VisualStudioVersion = 17.11.35222.181
MinimumVisualStudioVersion = 10.0.40219.1
Project("{FAE04EC0-301F-11D3-BF4B-00C04F79EFBC}") = "TwofacedPoker_Client", "TwofacedPoker_Client.csproj", "{421BB3DB-A8AC-43CD-B6E2-FF52B22600E9}"
EndProject
Global
	GlobalSection(SolutionConfigurationPlatforms) = preSolution
		Debug|Any CPU = Debug|Any CPU
		Release|Any CPU = Release|Any CPU
	EndGlobalSection
	GlobalSection(ProjectConfigurationPlatforms) = postSolution
		{421BB3DB-A8AC-43CD-B6E2-FF52B22600E9}.Debug|Any CPU.ActiveCfg = Debug|Any CPU
		{421BB3DB-A8AC-43CD-B6E2-FF52B22600E9}.Debug|Any CPU.Build.0 = Debug|Any CPU
		{421BB3DB-A8AC-43CD-B6E2-FF52B22600E9}.Release|Any CPU.ActiveCfg = Release|Any CPU
		{421BB3DB-A8AC-43CD-B6E2-FF52B22600E9}.Release|Any CPU.Build.0 = Release|Any CPU
	EndGlobalSection
	GlobalSection(SolutionProperties) = preSolution
		HideSolutionNode = FALSE
	EndGlobalSection
	GlobalSection(ExtensibilityGlobals) = postSolution
		SolutionGuid = {AFCF1227-22E4-4A70-88AB-3C64A274E423}
	EndGlobalSection
EndGlobal
